// !$*UTF8*$!
{
	archiveVersion = 1;
	classes = {
	};
	objectVersion = 46;
	objects = {

/* Begin PBXBuildFile section */
		C636A4711EAAA08A00FF7870 /* AppDelegate.swift in Sources */ = {isa = PBXBuildFile; fileRef = C636A4701EAAA08A00FF7870 /* AppDelegate.swift */; };
		C636A4731EAAA08B00FF7870 /* ViewController.swift in Sources */ = {isa = PBXBuildFile; fileRef = C636A4721EAAA08B00FF7870 /* ViewController.swift */; };
		C636A4761EAAA08B00FF7870 /* Main.storyboard in Resources */ = {isa = PBXBuildFile; fileRef = C636A4741EAAA08B00FF7870 /* Main.storyboard */; };
		C636A4791EAAA08B00FF7870 /* JakeSnap.xcdatamodeld in Sources */ = {isa = PBXBuildFile; fileRef = C636A4771EAAA08B00FF7870 /* JakeSnap.xcdatamodeld */; };
		C636A47B1EAAA08B00FF7870 /* Assets.xcassets in Resources */ = {isa = PBXBuildFile; fileRef = C636A47A1EAAA08B00FF7870 /* Assets.xcassets */; };
		C636A47E1EAAA08B00FF7870 /* LaunchScreen.storyboard in Resources */ = {isa = PBXBuildFile; fileRef = C636A47C1EAAA08B00FF7870 /* LaunchScreen.storyboard */; };
/* End PBXBuildFile section */

/* Begin PBXFileReference section */
		C636A46D1EAAA08A00FF7870 /* JakeSnap.app */ = {isa = PBXFileReference; explicitFileType = wrapper.application; includeInIndex = 0; path = JakeSnap.app; sourceTree = BUILT_PRODUCTS_DIR; };
		C636A4701EAAA08A00FF7870 /* AppDelegate.swift */ = {isa = PBXFileReference; lastKnownFileType = sourcecode.swift; path = AppDelegate.swift; sourceTree = "<group>"; };
		C636A4721EAAA08B00FF7870 /* ViewController.swift */ = {isa = PBXFileReference; lastKnownFileType = sourcecode.swift; path = ViewController.swift; sourceTree = "<group>"; };
		C636A4751EAAA08B00FF7870 /* Base */ = {isa = PBXFileReference; lastKnownFileType = file.storyboard; name = Base; path = Base.lproj/Main.storyboard; sourceTree = "<group>"; };
		C636A4781EAAA08B00FF7870 /* JakeSnap.xcdatamodel */ = {isa = PBXFileReference; lastKnownFileType = wrapper.xcdatamodel; path = JakeSnap.xcdatamodel; sourceTree = "<group>"; };
		C636A47A1EAAA08B00FF7870 /* Assets.xcassets */ = {isa = PBXFileReference; lastKnownFileType = folder.assetcatalog; path = Assets.xcassets; sourceTree = "<group>"; };
		C636A47D1EAAA08B00FF7870 /* Base */ = {isa = PBXFileReference; lastKnownFileType = file.storyboard; name = Base; path = Base.lproj/LaunchScreen.storyboard; sourceTree = "<group>"; };
		C636A47F1EAAA08B00FF7870 /* Info.plist */ = {isa = PBXFileReference; lastKnownFileType = text.plist.xml; path = Info.plist; sourceTree = "<group>"; };
/* End PBXFileReference section */

/* Begin PBXFrameworksBuildPhase section */
		C636A46A1EAAA08A00FF7870 /* Frameworks */ = {
			isa = PBXFrameworksBuildPhase;
			buildActionMask = 2147483647;
			files = (
			);
			runOnlyForDeploymentPostprocessing = 0;
		};
/* End PBXFrameworksBuildPhase section */

/* Begin PBXGroup section */
		C636A4641EAAA08A00FF7870 = {
			isa = PBXGroup;
			children = (
				C636A46F1EAAA08A00FF7870 /* JakeSnap */,
				C636A46E1EAAA08A00FF7870 /* Products */,
			);
			sourceTree = "<group>";
		};
		C636A46E1EAAA08A00FF7870 /* Products */ = {
			isa = PBXGroup;
			children = (
				C636A46D1EAAA08A00FF7870 /* JakeSnap.app */,
			);
			name = Products;
			sourceTree = "<group>";
		};
		C636A46F1EAAA08A00FF7870 /* JakeSnap */ = {
			isa = PBXGroup;
			children = (
				C636A4701EAAA08A00FF7870 /* AppDelegate.swift */,
				C636A4721EAAA08B00FF7870 /* ViewController.swift */,
				C636A4741EAAA08B00FF7870 /* Main.storyboard */,
				C636A47A1EAAA08B00FF7870 /* Assets.xcassets */,
				C636A47C1EAAA08B00FF7870 /* LaunchScreen.storyboard */,
				C636A47F1EAAA08B00FF7870 /* Info.plist */,
				C636A4771EAAA08B00FF7870 /* JakeSnap.xcdatamodeld */,
			);
			path = JakeSnap;
			sourceTree = "<group>";
		};
/* End PBXGroup section */

/* Begin PBXNativeTarget section */
		C636A46C1EAAA08A00FF7870 /* JakeSnap */ = {
			isa = PBXNativeTarget;
			buildConfigurationList = C636A4821EAAA08B00FF7870 /* Build configuration list for PBXNativeTarget "JakeSnap" */;
			buildPhases = (
				C636A4691EAAA08A00FF7870 /* Sources */,
				C636A46A1EAAA08A00FF7870 /* Frameworks */,
				C636A46B1EAAA08A00FF7870 /* Resources */,
			);
			buildRules = (
			);
			dependencies = (
			);
			name = JakeSnap;
			productName = JakeSnap;
			productReference = C636A46D1EAAA08A00FF7870 /* JakeSnap.app */;
			productType = "com.apple.product-type.application";
		};
/* End PBXNativeTarget section */

/* Begin PBXProject section */
		C636A4651EAAA08A00FF7870 /* Project object */ = {
			isa = PBXProject;
			attributes = {
				LastSwiftUpdateCheck = 0820;
				LastUpgradeCheck = 0820;
				ORGANIZATIONNAME = "Jake Wojtas";
				TargetAttributes = {
					C636A46C1EAAA08A00FF7870 = {
						CreatedOnToolsVersion = 8.2.1;
						ProvisioningStyle = Automatic;
					};
				};
			};
			buildConfigurationList = C636A4681EAAA08A00FF7870 /* Build configuration list for PBXProject "JakeSnap" */;
			compatibilityVersion = "Xcode 3.2";
			developmentRegion = English;
			hasScannedForEncodings = 0;
			knownRegions = (
				en,
				Base,
			);
			mainGroup = C636A4641EAAA08A00FF7870;
			productRefGroup = C636A46E1EAAA08A00FF7870 /* Products */;
			projectDirPath = "";
			projectRoot = "";
			targets = (
				C636A46C1EAAA08A00FF7870 /* JakeSnap */,
			);
		};
/* End PBXProject section */

/* Begin PBXResourcesBuildPhase section */
		C636A46B1EAAA08A00FF7870 /* Resources */ = {
			isa = PBXResourcesBuildPhase;
			buildActionMask = 2147483647;
			files = (
				C636A47E1EAAA08B00FF7870 /* LaunchScreen.storyboard in Resources */,
				C636A47B1EAAA08B00FF7870 /* Assets.xcassets in Resources */,
				C636A4761EAAA08B00FF7870 /* Main.storyboard in Resources */,
			);
			runOnlyForDeploymentPostprocessing = 0;
		};
/* End PBXResourcesBuildPhase section */

/* Begin PBXSourcesBuildPhase section */
		C636A4691EAAA08A00FF7870 /* Sources */ = {
			isa = PBXSourcesBuildPhase;
			buildActionMask = 2147483647;
			files = (
				C636A4731EAAA08B00FF7870 /* ViewController.swift in Sources */,
				C636A4791EAAA08B00FF7870 /* JakeSnap.xcdatamodeld in Sources */,
				C636A4711EAAA08A00FF7870 /* AppDelegate.swift in Sources */,
			);
			runOnlyForDeploymentPostprocessing = 0;
		};
/* End PBXSourcesBuildPhase section */

/* Begin PBXVariantGroup section */
		C636A4741EAAA08B00FF7870 /* Main.storyboard */ = {
			isa = PBXVariantGroup;
			children = (
				C636A4751EAAA08B00FF7870 /* Base */,
			);
			name = Main.storyboard;
			sourceTree = "<group>";
		};
		C636A47C1EAAA08B00FF7870 /* LaunchScreen.storyboard */ = {
			isa = PBXVariantGroup;
			children = (
				C636A47D1EAAA08B00FF7870 /* Base */,
			);
			name = LaunchScreen.storyboard;
			sourceTree = "<group>";
		};
/* End PBXVariantGroup section */

/* Begin XCBuildConfiguration section */
		C636A4801EAAA08B00FF7870 /* Debug */ = {
			isa = XCBuildConfiguration;
			buildSettings = {
				ALWAYS_SEARCH_USER_PATHS = NO;
				CLANG_ANALYZER_NONNULL = YES;
				CLANG_CXX_LANGUAGE_STANDARD = "gnu++0x";
				CLANG_CXX_LIBRARY = "libc++";
				CLANG_ENABLE_MODULES = YES;
				CLANG_ENABLE_OBJC_ARC = YES;
				CLANG_WARN_BOOL_CONVERSION = YES;
				CLANG_WARN_CONSTANT_CONVERSION = YES;
				CLANG_WARN_DIRECT_OBJC_ISA_USAGE = YES_ERROR;
				CLANG_WARN_DOCUMENTATION_COMMENTS = YES;
				CLANG_WARN_EMPTY_BODY = YES;
				CLANG_WARN_ENUM_CONVERSION = YES;
				CLANG_WARN_INFINITE_RECURSION = YES;
				CLANG_WARN_INT_CONVERSION = YES;
				CLANG_WARN_OBJC_ROOT_CLASS = YES_ERROR;
				CLANG_WARN_SUSPICIOUS_MOVE = YES;
				CLANG_WARN_UNREACHABLE_CODE = YES;
				CLANG_WARN__DUPLICATE_METHOD_MATCH = YES;
				"CODE_SIGN_IDENTITY[sdk=iphoneos*]" = "iPhone Developer";
				COPY_PHASE_STRIP = NO;
				DEBUG_INFORMATION_FORMAT = dwarf;
				ENABLE_STRICT_OBJC_MSGSEND = YES;
				ENABLE_TESTABILITY = YES;
				GCC_C_LANGUAGE_STANDARD = gnu99;
				GCC_DYNAMIC_NO_PIC = NO;
				GCC_NO_COMMON_BLOCKS = YES;
				GCC_OPTIMIZATION_LEVEL = 0;
				GCC_PREPROCESSOR_DEFINITIONS = (
					"DEBUG=1",
					"$(inherited)",
				);
				GCC_WARN_64_TO_32_BIT_CONVERSION = YES;
				GCC_WARN_ABOUT_RETURN_TYPE = YES_ERROR;
				GCC_WARN_UNDECLARED_SELECTOR = YES;
				GCC_WARN_UNINITIALIZED_AUTOS = YES_AGGRESSIVE;
				GCC_WARN_UNUSED_FUNCTION = YES;
				GCC_WARN_UNUSED_VARIABLE = YES;
				IPHONEOS_DEPLOYMENT_TARGET = 10.2;
				MTL_ENABLE_DEBUG_INFO = YES;
				ONLY_ACTIVE_ARCH = YES;
				SDKROOT = iphoneos;
				SWIFT_ACTIVE_COMPILATION_CONDITIONS = DEBUG;
				SWIFT_OPTIMIZATION_LEVEL = "-Onone";
				TARGETED_DEVICE_FAMILY = "1,2";
			};
			name = Debug;
		};
		C636A4811EAAA08B00FF7870 /* Release */ = {
			isa = XCBuildConfiguration;
			buildSettings = {
				ALWAYS_SEARCH_USER_PATHS = NO;
				CLANG_ANALYZER_NONNULL = YES;
				CLANG_CXX_LANGUAGE_STANDARD = "gnu++0x";
				CLANG_CXX_LIBRARY = "libc++";
				CLANG_ENABLE_MODULES = YES;
				CLANG_ENABLE_OBJC_ARC = YES;
				CLANG_WARN_BOOL_CONVERSION = YES;
				CLANG_WARN_CONSTANT_CONVERSION = YES;
				CLANG_WARN_DIRECT_OBJC_ISA_USAGE = YES_ERROR;
				CLANG_WARN_DOCUMENTATION_COMMENTS = YES;
				CLANG_WARN_EMPTY_BODY = YES;
				CLANG_WARN_ENUM_CONVERSION = YES;
				CLANG_WARN_INFINITE_RECURSION = YES;
				CLANG_WARN_INT_CONVERSION = YES;
				CLANG_WARN_OBJC_ROOT_CLASS = YES_ERROR;
				CLANG_WARN_SUSPICIOUS_MOVE = YES;
				CLANG_WARN_UNREACHABLE_CODE = YES;
				CLANG_WARN__DUPLICATE_METHOD_MATCH = YES;
				"CODE_SIGN_IDENTITY[sdk=iphoneos*]" = "iPhone Developer";
				COPY_PHASE_STRIP = NO;
				DEBUG_INFORMATION_FORMAT = "dwarf-with-dsym";
				ENABLE_NS_ASSERTIONS = NO;
				ENABLE_STRICT_OBJC_MSGSEND = YES;
				GCC_C_LANGUAGE_STANDARD = gnu99;
				GCC_NO_COMMON_BLOCKS = YES;
				GCC_WARN_64_TO_32_BIT_CONVERSION = YES;
				GCC_WARN_ABOUT_RETURN_TYPE = YES_ERROR;
				GCC_WARN_UNDECLARED_SELECTOR = YES;
				GCC_WARN_UNINITIALIZED_AUTOS = YES_AGGRESSIVE;
				GCC_WARN_UNUSED_FUNCTION = YES;
				GCC_WARN_UNUSED_VARIABLE = YES;
				IPHONEOS_DEPLOYMENT_TARGET = 10.2;
				MTL_ENABLE_DEBUG_INFO = NO;
				SDKROOT = iphoneos;
				SWIFT_OPTIMIZATION_LEVEL = "-Owholemodule";
				TARGETED_DEVICE_FAMILY = "1,2";
				VALIDATE_PRODUCT = YES;
			};
			name = Release;
		};
		C636A4831EAAA08B00FF7870 /* Debug */ = {
			isa = XCBuildConfiguration;
			buildSettings = {
				ASSETCATALOG_COMPILER_APPICON_NAME = AppIcon;
				INFOPLIST_FILE = JakeSnap/Info.plist;
				LD_RUNPATH_SEARCH_PATHS = "$(inherited) @executable_path/Frameworks";
				PRODUCT_BUNDLE_IDENTIFIER = com.udemy.JakeSnap;
				PRODUCT_NAME = "$(TARGET_NAME)";
				SWIFT_VERSION = 3.0;
			};
			name = Debug;
		};
		C636A4841EAAA08B00FF7870 /* Release */ = {
			isa = XCBuildConfiguration;
			buildSettings = {
				ASSETCATALOG_COMPILER_APPICON_NAME = AppIcon;
				INFOPLIST_FILE = JakeSnap/Info.plist;
				LD_RUNPATH_SEARCH_PATHS = "$(inherited) @executable_path/Frameworks";
				PRODUCT_BUNDLE_IDENTIFIER = com.udemy.JakeSnap;
				PRODUCT_NAME = "$(TARGET_NAME)";
				SWIFT_VERSION = 3.0;
			};
			name = Release;
		};
/* End XCBuildConfiguration section */

/* Begin XCConfigurationList section */
		C636A4681EAAA08A00FF7870 /* Build configuration list for PBXProject "JakeSnap" */ = {
			isa = XCConfigurationList;
			buildConfigurations = (
				C636A4801EAAA08B00FF7870 /* Debug */,
				C636A4811EAAA08B00FF7870 /* Release */,
			);
			defaultConfigurationIsVisible = 0;
			defaultConfigurationName = Release;
		};
		C636A4821EAAA08B00FF7870 /* Build configuration list for PBXNativeTarget "JakeSnap" */ = {
			isa = XCConfigurationList;
			buildConfigurations = (
				C636A4831EAAA08B00FF7870 /* Debug */,
				C636A4841EAAA08B00FF7870 /* Release */,
			);
			defaultConfigurationIsVisible = 0;
		};
/* End XCConfigurationList section */

/* Begin XCVersionGroup section */
		C636A4771EAAA08B00FF7870 /* JakeSnap.xcdatamodeld */ = {
			isa = XCVersionGroup;
			children = (
				C636A4781EAAA08B00FF7870 /* JakeSnap.xcdatamodel */,
			);
			currentVersion = C636A4781EAAA08B00FF7870 /* JakeSnap.xcdatamodel */;
			path = JakeSnap.xcdatamodeld;
			sourceTree = "<group>";
			versionGroupType = wrapper.xcdatamodel;
		};
/* End XCVersionGroup section */
	};
	rootObject = C636A4651EAAA08A00FF7870 /* Project object */;
}
